
Microsoft Visual Studio Solution File, Format Version 12.00
# Visual Studio 15
VisualStudioVersion = 15.0.27428.2002
MinimumVisualStudioVersion = 10.0.40219.1
Project("{FAE04EC0-301F-11D3-BF4B-00C04F79EFBC}") = "MarbleGame", "MarbleGame\MarbleGame.csproj", "{6DD54330-6A94-40B5-81FD-6FDE91750204}"
EndProject
Global
	GlobalSection(SolutionConfigurationPlatforms) = preSolution
		Debug|Any CPU = Debug|Any CPU
		Release|Any CPU = Release|Any CPU
	EndGlobalSection
	GlobalSection(ProjectConfigurationPlatforms) = postSolution
		{6DD54330-6A94-40B5-81FD-6FDE91750204}.Debug|Any CPU.ActiveCfg = Debug|Any CPU
		{6DD54330-6A94-40B5-81FD-6FDE91750204}.Debug|Any CPU.Build.0 = Debug|Any CPU
		{6DD54330-6A94-40B5-81FD-6FDE91750204}.Release|Any CPU.ActiveCfg = Release|Any CPU
		{6DD54330-6A94-40B5-81FD-6FDE91750204}.Release|Any CPU.Build.0 = Release|Any CPU
	EndGlobalSection
	GlobalSection(SolutionProperties) = preSolution
		HideSolutionNode = FALSE
	EndGlobalSection
	GlobalSection(ExtensibilityGlobals) = postSolution
		SolutionGuid = {EA512DA4-DF49-4D4E-B50F-C53BF39A3E52}
	EndGlobalSection
EndGlobal
